// !$*UTF8*$!
{
	archiveVersion = 1;
	classes = {
	};
	objectVersion = 56;
	objects = {

/* Begin PBXBuildFile section */
		840F06E8293E88AD0074FB70 /* StartViewController.swift in Sources */ = {isa = PBXBuildFile; fileRef = 840F06E7293E88AD0074FB70 /* StartViewController.swift */; };
		840F06EA293E8E910074FB70 /* Chicken.swift in Sources */ = {isa = PBXBuildFile; fileRef = 840F06E9293E8E910074FB70 /* Chicken.swift */; };
		840F06EC293E8EF10074FB70 /* ChickenData.swift in Sources */ = {isa = PBXBuildFile; fileRef = 840F06EB293E8EF10074FB70 /* ChickenData.swift */; };
		843BD86C293E807000D562AB /* AppDelegate.swift in Sources */ = {isa = PBXBuildFile; fileRef = 843BD86B293E807000D562AB /* AppDelegate.swift */; };
		843BD86E293E807000D562AB /* SceneDelegate.swift in Sources */ = {isa = PBXBuildFile; fileRef = 843BD86D293E807000D562AB /* SceneDelegate.swift */; };
		843BD873293E807000D562AB /* Main.storyboard in Resources */ = {isa = PBXBuildFile; fileRef = 843BD871293E807000D562AB /* Main.storyboard */; };
		843BD875293E807100D562AB /* Assets.xcassets in Resources */ = {isa = PBXBuildFile; fileRef = 843BD874293E807100D562AB /* Assets.xcassets */; };
		843BD878293E807100D562AB /* LaunchScreen.storyboard in Resources */ = {isa = PBXBuildFile; fileRef = 843BD876293E807100D562AB /* LaunchScreen.storyboard */; };
/* End PBXBuildFile section */

/* Begin PBXFileReference section */
		840F06E7293E88AD0074FB70 /* StartViewController.swift */ = {isa = PBXFileReference; lastKnownFileType = sourcecode.swift; path = StartViewController.swift; sourceTree = "<group>"; };
		840F06E9293E8E910074FB70 /* Chicken.swift */ = {isa = PBXFileReference; lastKnownFileType = sourcecode.swift; path = Chicken.swift; sourceTree = "<group>"; };
		840F06EB293E8EF10074FB70 /* ChickenData.swift */ = {isa = PBXFileReference; lastKnownFileType = sourcecode.swift; path = ChickenData.swift; sourceTree = "<group>"; };
		843BD868293E807000D562AB /* laPoulette.app */ = {isa = PBXFileReference; explicitFileType = wrapper.application; includeInIndex = 0; path = laPoulette.app; sourceTree = BUILT_PRODUCTS_DIR; };
		843BD86B293E807000D562AB /* AppDelegate.swift */ = {isa = PBXFileReference; lastKnownFileType = sourcecode.swift; path = AppDelegate.swift; sourceTree = "<group>"; };
		843BD86D293E807000D562AB /* SceneDelegate.swift */ = {isa = PBXFileReference; lastKnownFileType = sourcecode.swift; path = SceneDelegate.swift; sourceTree = "<group>"; };
		843BD872293E807000D562AB /* Base */ = {isa = PBXFileReference; lastKnownFileType = file.storyboard; name = Base; path = Base.lproj/Main.storyboard; sourceTree = "<group>"; };
		843BD874293E807100D562AB /* Assets.xcassets */ = {isa = PBXFileReference; lastKnownFileType = folder.assetcatalog; path = Assets.xcassets; sourceTree = "<group>"; };
		843BD877293E807100D562AB /* Base */ = {isa = PBXFileReference; lastKnownFileType = file.storyboard; name = Base; path = Base.lproj/LaunchScreen.storyboard; sourceTree = "<group>"; };
		843BD879293E807100D562AB /* Info.plist */ = {isa = PBXFileReference; lastKnownFileType = text.plist.xml; path = Info.plist; sourceTree = "<group>"; };
/* End PBXFileReference section */

/* Begin PBXFrameworksBuildPhase section */
		843BD865293E807000D562AB /* Frameworks */ = {
			isa = PBXFrameworksBuildPhase;
			buildActionMask = 2147483647;
			files = (
			);
			runOnlyForDeploymentPostprocessing = 0;
		};
/* End PBXFrameworksBuildPhase section */

/* Begin PBXGroup section */
		840F06E4293E88810074FB70 /* Controller */ = {
			isa = PBXGroup;
			children = (
				840F06E7293E88AD0074FB70 /* StartViewController.swift */,
			);
			path = Controller;
			sourceTree = "<group>";
		};
		840F06E5293E888C0074FB70 /* View */ = {
			isa = PBXGroup;
			children = (
				843BD871293E807000D562AB /* Main.storyboard */,
				843BD876293E807100D562AB /* LaunchScreen.storyboard */,
			);
			path = View;
			sourceTree = "<group>";
		};
		840F06E6293E88930074FB70 /* Model */ = {
			isa = PBXGroup;
			children = (
				840F06E9293E8E910074FB70 /* Chicken.swift */,
				840F06EB293E8EF10074FB70 /* ChickenData.swift */,
			);
			path = Model;
			sourceTree = "<group>";
		};
		840F06ED2940CEBC0074FB70 /* Ressources */ = {
			isa = PBXGroup;
			children = (
				843BD874293E807100D562AB /* Assets.xcassets */,
			);
			path = Ressources;
			sourceTree = "<group>";
		};
		843BD85F293E807000D562AB = {
			isa = PBXGroup;
			children = (
				843BD86A293E807000D562AB /* laPoulette */,
				843BD869293E807000D562AB /* Products */,
			);
			sourceTree = "<group>";
		};
		843BD869293E807000D562AB /* Products */ = {
			isa = PBXGroup;
			children = (
				843BD868293E807000D562AB /* laPoulette.app */,
			);
			name = Products;
			sourceTree = "<group>";
		};
		843BD86A293E807000D562AB /* laPoulette */ = {
			isa = PBXGroup;
			children = (
				840F06ED2940CEBC0074FB70 /* Ressources */,
				840F06E6293E88930074FB70 /* Model */,
				840F06E5293E888C0074FB70 /* View */,
				840F06E4293E88810074FB70 /* Controller */,
				843BD86B293E807000D562AB /* AppDelegate.swift */,
				843BD86D293E807000D562AB /* SceneDelegate.swift */,
				843BD879293E807100D562AB /* Info.plist */,
			);
			path = laPoulette;
			sourceTree = "<group>";
		};
/* End PBXGroup section */

/* Begin PBXNativeTarget section */
		843BD867293E807000D562AB /* laPoulette */ = {
			isa = PBXNativeTarget;
			buildConfigurationList = 843BD87C293E807100D562AB /* Build configuration list for PBXNativeTarget "laPoulette" */;
			buildPhases = (
				843BD864293E807000D562AB /* Sources */,
				843BD865293E807000D562AB /* Frameworks */,
				843BD866293E807000D562AB /* Resources */,
			);
			buildRules = (
			);
			dependencies = (
			);
			name = laPoulette;
			productName = laPoulette;
			productReference = 843BD868293E807000D562AB /* laPoulette.app */;
			productType = "com.apple.product-type.application";
		};
/* End PBXNativeTarget section */

/* Begin PBXProject section */
		843BD860293E807000D562AB /* Project object */ = {
			isa = PBXProject;
			attributes = {
				BuildIndependentTargetsInParallel = 1;
				LastSwiftUpdateCheck = 1410;
				LastUpgradeCheck = 1410;
				TargetAttributes = {
					843BD867293E807000D562AB = {
						CreatedOnToolsVersion = 14.1;
					};
				};
			};
			buildConfigurationList = 843BD863293E807000D562AB /* Build configuration list for PBXProject "laPoulette" */;
			compatibilityVersion = "Xcode 14.0";
			developmentRegion = en;
			hasScannedForEncodings = 0;
			knownRegions = (
				en,
				Base,
			);
			mainGroup = 843BD85F293E807000D562AB;
			productRefGroup = 843BD869293E807000D562AB /* Products */;
			projectDirPath = "";
			projectRoot = "";
			targets = (
				843BD867293E807000D562AB /* laPoulette */,
			);
		};
/* End PBXProject section */

/* Begin PBXResourcesBuildPhase section */
		843BD866293E807000D562AB /* Resources */ = {
			isa = PBXResourcesBuildPhase;
			buildActionMask = 2147483647;
			files = (
				843BD878293E807100D562AB /* LaunchScreen.storyboard in Resources */,
				843BD875293E807100D562AB /* Assets.xcassets in Resources */,
				843BD873293E807000D562AB /* Main.storyboard in Resources */,
			);
			runOnlyForDeploymentPostprocessing = 0;
		};
/* End PBXResourcesBuildPhase section */

/* Begin PBXSourcesBuildPhase section */
		843BD864293E807000D562AB /* Sources */ = {
			isa = PBXSourcesBuildPhase;
			buildActionMask = 2147483647;
			files = (
				843BD86C293E807000D562AB /* AppDelegate.swift in Sources */,
				840F06EA293E8E910074FB70 /* Chicken.swift in Sources */,
				843BD86E293E807000D562AB /* SceneDelegate.swift in Sources */,
				840F06EC293E8EF10074FB70 /* ChickenData.swift in Sources */,
				840F06E8293E88AD0074FB70 /* StartViewController.swift in Sources */,
			);
			runOnlyForDeploymentPostprocessing = 0;
		};
/* End PBXSourcesBuildPhase section */

/* Begin PBXVariantGroup section */
		843BD871293E807000D562AB /* Main.storyboard */ = {
			isa = PBXVariantGroup;
			children = (
				843BD872293E807000D562AB /* Base */,
			);
			name = Main.storyboard;
			sourceTree = "<group>";
		};
		843BD876293E807100D562AB /* LaunchScreen.storyboard */ = {
			isa = PBXVariantGroup;
			children = (
				843BD877293E807100D562AB /* Base */,
			);
			name = LaunchScreen.storyboard;
			sourceTree = "<group>";
		};
/* End PBXVariantGroup section */

/* Begin XCBuildConfiguration section */
		843BD87A293E807100D562AB /* Debug */ = {
			isa = XCBuildConfiguration;
			buildSettings = {
				ALWAYS_SEARCH_USER_PATHS = NO;
				CLANG_ANALYZER_NONNULL = YES;
				CLANG_ANALYZER_NUMBER_OBJECT_CONVERSION = YES_AGGRESSIVE;
				CLANG_CXX_LANGUAGE_STANDARD = "gnu++20";
				CLANG_ENABLE_MODULES = YES;
				CLANG_ENABLE_OBJC_ARC = YES;
				CLANG_ENABLE_OBJC_WEAK = YES;
				CLANG_WARN_BLOCK_CAPTURE_AUTORELEASING = YES;
				CLANG_WARN_BOOL_CONVERSION = YES;
				CLANG_WARN_COMMA = YES;
				CLANG_WARN_CONSTANT_CONVERSION = YES;
				CLANG_WARN_DEPRECATED_OBJC_IMPLEMENTATIONS = YES;
				CLANG_WARN_DIRECT_OBJC_ISA_USAGE = YES_ERROR;
				CLANG_WARN_DOCUMENTATION_COMMENTS = YES;
				CLANG_WARN_EMPTY_BODY = YES;
				CLANG_WARN_ENUM_CONVERSION = YES;
				CLANG_WARN_INFINITE_RECURSION = YES;
				CLANG_WARN_INT_CONVERSION = YES;
				CLANG_WARN_NON_LITERAL_NULL_CONVERSION = YES;
				CLANG_WARN_OBJC_IMPLICIT_RETAIN_SELF = YES;
				CLANG_WARN_OBJC_LITERAL_CONVERSION = YES;
				CLANG_WARN_OBJC_ROOT_CLASS = YES_ERROR;
				CLANG_WARN_QUOTED_INCLUDE_IN_FRAMEWORK_HEADER = YES;
				CLANG_WARN_RANGE_LOOP_ANALYSIS = YES;
				CLANG_WARN_STRICT_PROTOTYPES = YES;
				CLANG_WARN_SUSPICIOUS_MOVE = YES;
				CLANG_WARN_UNGUARDED_AVAILABILITY = YES_AGGRESSIVE;
				CLANG_WARN_UNREACHABLE_CODE = YES;
				CLANG_WARN__DUPLICATE_METHOD_MATCH = YES;
				COPY_PHASE_STRIP = NO;
				DEBUG_INFORMATION_FORMAT = dwarf;
				ENABLE_STRICT_OBJC_MSGSEND = YES;
				ENABLE_TESTABILITY = YES;
				GCC_C_LANGUAGE_STANDARD = gnu11;
				GCC_DYNAMIC_NO_PIC = NO;
				GCC_NO_COMMON_BLOCKS = YES;
				GCC_OPTIMIZATION_LEVEL = 0;
				GCC_PREPROCESSOR_DEFINITIONS = (
					"DEBUG=1",
					"$(inherited)",
				);
				GCC_WARN_64_TO_32_BIT_CONVERSION = YES;
				GCC_WARN_ABOUT_RETURN_TYPE = YES_ERROR;
				GCC_WARN_UNDECLARED_SELECTOR = YES;
				GCC_WARN_UNINITIALIZED_AUTOS = YES_AGGRESSIVE;
				GCC_WARN_UNUSED_FUNCTION = YES;
				GCC_WARN_UNUSED_VARIABLE = YES;
				IPHONEOS_DEPLOYMENT_TARGET = 16.1;
				MTL_ENABLE_DEBUG_INFO = INCLUDE_SOURCE;
				MTL_FAST_MATH = YES;
				ONLY_ACTIVE_ARCH = YES;
				SDKROOT = iphoneos;
				SWIFT_ACTIVE_COMPILATION_CONDITIONS = DEBUG;
				SWIFT_OPTIMIZATION_LEVEL = "-Onone";
			};
			name = Debug;
		};
		843BD87B293E807100D562AB /* Release */ = {
			isa = XCBuildConfiguration;
			buildSettings = {
				ALWAYS_SEARCH_USER_PATHS = NO;
				CLANG_ANALYZER_NONNULL = YES;
				CLANG_ANALYZER_NUMBER_OBJECT_CONVERSION = YES_AGGRESSIVE;
				CLANG_CXX_LANGUAGE_STANDARD = "gnu++20";
				CLANG_ENABLE_MODULES = YES;
				CLANG_ENABLE_OBJC_ARC = YES;
				CLANG_ENABLE_OBJC_WEAK = YES;
				CLANG_WARN_BLOCK_CAPTURE_AUTORELEASING = YES;
				CLANG_WARN_BOOL_CONVERSION = YES;
				CLANG_WARN_COMMA = YES;
				CLANG_WARN_CONSTANT_CONVERSION = YES;
				CLANG_WARN_DEPRECATED_OBJC_IMPLEMENTATIONS = YES;
				CLANG_WARN_DIRECT_OBJC_ISA_USAGE = YES_ERROR;
				CLANG_WARN_DOCUMENTATION_COMMENTS = YES;
				CLANG_WARN_EMPTY_BODY = YES;
				CLANG_WARN_ENUM_CONVERSION = YES;
				CLANG_WARN_INFINITE_RECURSION = YES;
				CLANG_WARN_INT_CONVERSION = YES;
				CLANG_WARN_NON_LITERAL_NULL_CONVERSION = YES;
				CLANG_WARN_OBJC_IMPLICIT_RETAIN_SELF = YES;
				CLANG_WARN_OBJC_LITERAL_CONVERSION = YES;
				CLANG_WARN_OBJC_ROOT_CLASS = YES_ERROR;
				CLANG_WARN_QUOTED_INCLUDE_IN_FRAMEWORK_HEADER = YES;
				CLANG_WARN_RANGE_LOOP_ANALYSIS = YES;
				CLANG_WARN_STRICT_PROTOTYPES = YES;
				CLANG_WARN_SUSPICIOUS_MOVE = YES;
				CLANG_WARN_UNGUARDED_AVAILABILITY = YES_AGGRESSIVE;
				CLANG_WARN_UNREACHABLE_CODE = YES;
				CLANG_WARN__DUPLICATE_METHOD_MATCH = YES;
				COPY_PHASE_STRIP = NO;
				DEBUG_INFORMATION_FORMAT = "dwarf-with-dsym";
				ENABLE_NS_ASSERTIONS = NO;
				ENABLE_STRICT_OBJC_MSGSEND = YES;
				GCC_C_LANGUAGE_STANDARD = gnu11;
				GCC_NO_COMMON_BLOCKS = YES;
				GCC_WARN_64_TO_32_BIT_CONVERSION = YES;
				GCC_WARN_ABOUT_RETURN_TYPE = YES_ERROR;
				GCC_WARN_UNDECLARED_SELECTOR = YES;
				GCC_WARN_UNINITIALIZED_AUTOS = YES_AGGRESSIVE;
				GCC_WARN_UNUSED_FUNCTION = YES;
				GCC_WARN_UNUSED_VARIABLE = YES;
				IPHONEOS_DEPLOYMENT_TARGET = 16.1;
				MTL_ENABLE_DEBUG_INFO = NO;
				MTL_FAST_MATH = YES;
				SDKROOT = iphoneos;
				SWIFT_COMPILATION_MODE = wholemodule;
				SWIFT_OPTIMIZATION_LEVEL = "-O";
				VALIDATE_PRODUCT = YES;
			};
			name = Release;
		};
		843BD87D293E807100D562AB /* Debug */ = {
			isa = XCBuildConfiguration;
			buildSettings = {
				ASSETCATALOG_COMPILER_APPICON_NAME = AppIcon;
				ASSETCATALOG_COMPILER_GLOBAL_ACCENT_COLOR_NAME = AccentColor;
				CODE_SIGN_STYLE = Automatic;
				CURRENT_PROJECT_VERSION = 1;
				DEVELOPMENT_TEAM = D8R47549B4;
				GENERATE_INFOPLIST_FILE = YES;
				INFOPLIST_FILE = laPoulette/Info.plist;
				INFOPLIST_KEY_UIApplicationSupportsIndirectInputEvents = YES;
				INFOPLIST_KEY_UILaunchStoryboardName = LaunchScreen;
				INFOPLIST_KEY_UIMainStoryboardFile = Main;
				INFOPLIST_KEY_UISupportedInterfaceOrientations_iPad = "UIInterfaceOrientationPortrait UIInterfaceOrientationPortraitUpsideDown UIInterfaceOrientationLandscapeLeft UIInterfaceOrientationLandscapeRight";
				INFOPLIST_KEY_UISupportedInterfaceOrientations_iPhone = "UIInterfaceOrientationPortrait UIInterfaceOrientationLandscapeLeft UIInterfaceOrientationLandscapeRight";
				LD_RUNPATH_SEARCH_PATHS = (
					"$(inherited)",
					"@executable_path/Frameworks",
				);
				MARKETING_VERSION = 1.0;
				PRODUCT_BUNDLE_IDENTIFIER = kemrode.laPoulette;
				PRODUCT_NAME = "$(TARGET_NAME)";
				SWIFT_EMIT_LOC_STRINGS = YES;
				SWIFT_VERSION = 5.0;
				TARGETED_DEVICE_FAMILY = "1,2";
			};
			name = Debug;
		};
		843BD87E293E807100D562AB /* Release */ = {
			isa = XCBuildConfiguration;
			buildSettings = {
				ASSETCATALOG_COMPILER_APPICON_NAME = AppIcon;
				ASSETCATALOG_COMPILER_GLOBAL_ACCENT_COLOR_NAME = AccentColor;
				CODE_SIGN_STYLE = Automatic;
				CURRENT_PROJECT_VERSION = 1;
				DEVELOPMENT_TEAM = D8R47549B4;
				GENERATE_INFOPLIST_FILE = YES;
				INFOPLIST_FILE = laPoulette/Info.plist;
				INFOPLIST_KEY_UIApplicationSupportsIndirectInputEvents = YES;
				INFOPLIST_KEY_UILaunchStoryboardName = LaunchScreen;
				INFOPLIST_KEY_UIMainStoryboardFile = Main;
				INFOPLIST_KEY_UISupportedInterfaceOrientations_iPad = "UIInterfaceOrientationPortrait UIInterfaceOrientationPortraitUpsideDown UIInterfaceOrientationLandscapeLeft UIInterfaceOrientationLandscapeRight";
				INFOPLIST_KEY_UISupportedInterfaceOrientations_iPhone = "UIInterfaceOrientationPortrait UIInterfaceOrientationLandscapeLeft UIInterfaceOrientationLandscapeRight";
				LD_RUNPATH_SEARCH_PATHS = (
					"$(inherited)",
					"@executable_path/Frameworks",
				);
				MARKETING_VERSION = 1.0;
				PRODUCT_BUNDLE_IDENTIFIER = kemrode.laPoulette;
				PRODUCT_NAME = "$(TARGET_NAME)";
				SWIFT_EMIT_LOC_STRINGS = YES;
				SWIFT_VERSION = 5.0;
				TARGETED_DEVICE_FAMILY = "1,2";
			};
			name = Release;
		};
/* End XCBuildConfiguration section */

/* Begin XCConfigurationList section */
		843BD863293E807000D562AB /* Build configuration list for PBXProject "laPoulette" */ = {
			isa = XCConfigurationList;
			buildConfigurations = (
				843BD87A293E807100D562AB /* Debug */,
				843BD87B293E807100D562AB /* Release */,
			);
			defaultConfigurationIsVisible = 0;
			defaultConfigurationName = Release;
		};
		843BD87C293E807100D562AB /* Build configuration list for PBXNativeTarget "laPoulette" */ = {
			isa = XCConfigurationList;
			buildConfigurations = (
				843BD87D293E807100D562AB /* Debug */,
				843BD87E293E807100D562AB /* Release */,
			);
			defaultConfigurationIsVisible = 0;
			defaultConfigurationName = Release;
		};
/* End XCConfigurationList section */
	};
	rootObject = 843BD860293E807000D562AB /* Project object */;
}
